// !$*UTF8*$!
{
	archiveVersion = 1;
	classes = {
	};
	objectVersion = 50;
	objects = {

/* Begin PBXBuildFile section */
		B168D8ED246CC05C00465135 /* AppDelegate.swift in Sources */ = {isa = PBXBuildFile; fileRef = B168D8EC246CC05C00465135 /* AppDelegate.swift */; };
		B168D8EF246CC05C00465135 /* SceneDelegate.swift in Sources */ = {isa = PBXBuildFile; fileRef = B168D8EE246CC05C00465135 /* SceneDelegate.swift */; };
		B168D8F1246CC05C00465135 /* SearchViewController.swift in Sources */ = {isa = PBXBuildFile; fileRef = B168D8F0246CC05C00465135 /* SearchViewController.swift */; };
		B168D8F6246CC05C00465135 /* Main.storyboard in Resources */ = {isa = PBXBuildFile; fileRef = B168D8F4246CC05C00465135 /* Main.storyboard */; };
		B168D8F9246CC05C00465135 /* SnatchCat.xcdatamodeld in Sources */ = {isa = PBXBuildFile; fileRef = B168D8F7246CC05C00465135 /* SnatchCat.xcdatamodeld */; };
		B168D8FB246CC05E00465135 /* Assets.xcassets in Resources */ = {isa = PBXBuildFile; fileRef = B168D8FA246CC05E00465135 /* Assets.xcassets */; };
		B168D8FE246CC05E00465135 /* LaunchScreen.storyboard in Resources */ = {isa = PBXBuildFile; fileRef = B168D8FC246CC05E00465135 /* LaunchScreen.storyboard */; };
		B168D9302477975E00465135 /* SearchResultsTableViewController.swift in Sources */ = {isa = PBXBuildFile; fileRef = B168D92F2477975E00465135 /* SearchResultsTableViewController.swift */; };
		B168D937247AD1F900465135 /* Result.swift in Sources */ = {isa = PBXBuildFile; fileRef = B168D934247AD1F900465135 /* Result.swift */; };
		B168D938247AD1F900465135 /* PetFinderAPI.swift in Sources */ = {isa = PBXBuildFile; fileRef = B168D935247AD1F900465135 /* PetFinderAPI.swift */; };
		B168D939247AD1F900465135 /* SearchAnimalsResults.swift in Sources */ = {isa = PBXBuildFile; fileRef = B168D936247AD1F900465135 /* SearchAnimalsResults.swift */; };
		B168D93C247AD22500465135 /* DispatchToMain.swift in Sources */ = {isa = PBXBuildFile; fileRef = B168D93B247AD22500465135 /* DispatchToMain.swift */; };
		B168D93E247B155700465135 /* UIViewController+Extensions.swift in Sources */ = {isa = PBXBuildFile; fileRef = B168D93D247B155700465135 /* UIViewController+Extensions.swift */; };
/* End PBXBuildFile section */

/* Begin PBXFileReference section */
		B168D8E9246CC05C00465135 /* SnatchCat.app */ = {isa = PBXFileReference; explicitFileType = wrapper.application; includeInIndex = 0; path = SnatchCat.app; sourceTree = BUILT_PRODUCTS_DIR; };
		B168D8EC246CC05C00465135 /* AppDelegate.swift */ = {isa = PBXFileReference; lastKnownFileType = sourcecode.swift; path = AppDelegate.swift; sourceTree = "<group>"; };
		B168D8EE246CC05C00465135 /* SceneDelegate.swift */ = {isa = PBXFileReference; lastKnownFileType = sourcecode.swift; path = SceneDelegate.swift; sourceTree = "<group>"; };
		B168D8F0246CC05C00465135 /* SearchViewController.swift */ = {isa = PBXFileReference; lastKnownFileType = sourcecode.swift; path = SearchViewController.swift; sourceTree = "<group>"; };
		B168D8F5246CC05C00465135 /* Base */ = {isa = PBXFileReference; lastKnownFileType = file.storyboard; name = Base; path = Base.lproj/Main.storyboard; sourceTree = "<group>"; };
		B168D8F8246CC05C00465135 /* SnatchCat.xcdatamodel */ = {isa = PBXFileReference; lastKnownFileType = wrapper.xcdatamodel; path = SnatchCat.xcdatamodel; sourceTree = "<group>"; };
		B168D8FA246CC05E00465135 /* Assets.xcassets */ = {isa = PBXFileReference; lastKnownFileType = folder.assetcatalog; path = Assets.xcassets; sourceTree = "<group>"; };
		B168D8FD246CC05E00465135 /* Base */ = {isa = PBXFileReference; lastKnownFileType = file.storyboard; name = Base; path = Base.lproj/LaunchScreen.storyboard; sourceTree = "<group>"; };
		B168D8FF246CC05E00465135 /* Info.plist */ = {isa = PBXFileReference; lastKnownFileType = text.plist.xml; path = Info.plist; sourceTree = "<group>"; };
		B168D92F2477975E00465135 /* SearchResultsTableViewController.swift */ = {isa = PBXFileReference; lastKnownFileType = sourcecode.swift; path = SearchResultsTableViewController.swift; sourceTree = "<group>"; };
		B168D934247AD1F900465135 /* Result.swift */ = {isa = PBXFileReference; fileEncoding = 4; lastKnownFileType = sourcecode.swift; path = Result.swift; sourceTree = "<group>"; };
		B168D935247AD1F900465135 /* PetFinderAPI.swift */ = {isa = PBXFileReference; fileEncoding = 4; lastKnownFileType = sourcecode.swift; path = PetFinderAPI.swift; sourceTree = "<group>"; };
		B168D936247AD1F900465135 /* SearchAnimalsResults.swift */ = {isa = PBXFileReference; fileEncoding = 4; lastKnownFileType = sourcecode.swift; path = SearchAnimalsResults.swift; sourceTree = "<group>"; };
		B168D93B247AD22500465135 /* DispatchToMain.swift */ = {isa = PBXFileReference; lastKnownFileType = sourcecode.swift; path = DispatchToMain.swift; sourceTree = "<group>"; };
		B168D93D247B155700465135 /* UIViewController+Extensions.swift */ = {isa = PBXFileReference; lastKnownFileType = sourcecode.swift; path = "UIViewController+Extensions.swift"; sourceTree = "<group>"; };
/* End PBXFileReference section */

/* Begin PBXFrameworksBuildPhase section */
		B168D8E6246CC05C00465135 /* Frameworks */ = {
			isa = PBXFrameworksBuildPhase;
			buildActionMask = 2147483647;
			files = (
			);
			runOnlyForDeploymentPostprocessing = 0;
		};
/* End PBXFrameworksBuildPhase section */

/* Begin PBXGroup section */
		B168D8E0246CC05C00465135 = {
			isa = PBXGroup;
			children = (
				B168D8EB246CC05C00465135 /* SnatchCat */,
				B168D8EA246CC05C00465135 /* Products */,
			);
			sourceTree = "<group>";
		};
		B168D8EA246CC05C00465135 /* Products */ = {
			isa = PBXGroup;
			children = (
				B168D8E9246CC05C00465135 /* SnatchCat.app */,
			);
			name = Products;
			sourceTree = "<group>";
		};
		B168D8EB246CC05C00465135 /* SnatchCat */ = {
			isa = PBXGroup;
			children = (
				B168D93A247AD21500465135 /* Helpers */,
				B168D8EC246CC05C00465135 /* AppDelegate.swift */,
				B168D8EE246CC05C00465135 /* SceneDelegate.swift */,
				B168D931247AD0F600465135 /* View Controllers */,
				B168D932247AD12500465135 /* Storyboards */,
				B168D8FA246CC05E00465135 /* Assets.xcassets */,
				B168D8FF246CC05E00465135 /* Info.plist */,
				B168D933247AD13300465135 /* Models */,
			);
			path = SnatchCat;
			sourceTree = "<group>";
		};
		B168D931247AD0F600465135 /* View Controllers */ = {
			isa = PBXGroup;
			children = (
				B168D8F0246CC05C00465135 /* SearchViewController.swift */,
				B168D92F2477975E00465135 /* SearchResultsTableViewController.swift */,
				B168D93D247B155700465135 /* UIViewController+Extensions.swift */,
			);
			path = "View Controllers";
			sourceTree = "<group>";
		};
		B168D932247AD12500465135 /* Storyboards */ = {
			isa = PBXGroup;
			children = (
				B168D8F4246CC05C00465135 /* Main.storyboard */,
				B168D8FC246CC05E00465135 /* LaunchScreen.storyboard */,
			);
			path = Storyboards;
			sourceTree = "<group>";
		};
		B168D933247AD13300465135 /* Models */ = {
			isa = PBXGroup;
			children = (
				B168D936247AD1F900465135 /* SearchAnimalsResults.swift */,
				B168D934247AD1F900465135 /* Result.swift */,
				B168D935247AD1F900465135 /* PetFinderAPI.swift */,
				B168D8F7246CC05C00465135 /* SnatchCat.xcdatamodeld */,
			);
			path = Models;
			sourceTree = "<group>";
		};
		B168D93A247AD21500465135 /* Helpers */ = {
			isa = PBXGroup;
			children = (
				B168D93B247AD22500465135 /* DispatchToMain.swift */,
			);
			path = Helpers;
			sourceTree = "<group>";
		};
/* End PBXGroup section */

/* Begin PBXNativeTarget section */
		B168D8E8246CC05C00465135 /* SnatchCat */ = {
			isa = PBXNativeTarget;
			buildConfigurationList = B168D902246CC05E00465135 /* Build configuration list for PBXNativeTarget "SnatchCat" */;
			buildPhases = (
				B168D8E5246CC05C00465135 /* Sources */,
				B168D8E6246CC05C00465135 /* Frameworks */,
				B168D8E7246CC05C00465135 /* Resources */,
			);
			buildRules = (
			);
			dependencies = (
			);
			name = SnatchCat;
			productName = SnatchCat;
			productReference = B168D8E9246CC05C00465135 /* SnatchCat.app */;
			productType = "com.apple.product-type.application";
		};
/* End PBXNativeTarget section */

/* Begin PBXProject section */
		B168D8E1246CC05C00465135 /* Project object */ = {
			isa = PBXProject;
			attributes = {
				LastSwiftUpdateCheck = 1140;
				LastUpgradeCheck = 1140;
				ORGANIZATIONNAME = qi;
				TargetAttributes = {
					B168D8E8246CC05C00465135 = {
						CreatedOnToolsVersion = 11.4.1;
					};
				};
			};
			buildConfigurationList = B168D8E4246CC05C00465135 /* Build configuration list for PBXProject "SnatchCat" */;
			compatibilityVersion = "Xcode 9.3";
			developmentRegion = en;
			hasScannedForEncodings = 0;
			knownRegions = (
				en,
				Base,
			);
			mainGroup = B168D8E0246CC05C00465135;
			productRefGroup = B168D8EA246CC05C00465135 /* Products */;
			projectDirPath = "";
			projectRoot = "";
			targets = (
				B168D8E8246CC05C00465135 /* SnatchCat */,
			);
		};
/* End PBXProject section */

/* Begin PBXResourcesBuildPhase section */
		B168D8E7246CC05C00465135 /* Resources */ = {
			isa = PBXResourcesBuildPhase;
			buildActionMask = 2147483647;
			files = (
				B168D8FE246CC05E00465135 /* LaunchScreen.storyboard in Resources */,
				B168D8FB246CC05E00465135 /* Assets.xcassets in Resources */,
				B168D8F6246CC05C00465135 /* Main.storyboard in Resources */,
			);
			runOnlyForDeploymentPostprocessing = 0;
		};
/* End PBXResourcesBuildPhase section */

/* Begin PBXSourcesBuildPhase section */
		B168D8E5246CC05C00465135 /* Sources */ = {
			isa = PBXSourcesBuildPhase;
			buildActionMask = 2147483647;
			files = (
				B168D938247AD1F900465135 /* PetFinderAPI.swift in Sources */,
				B168D937247AD1F900465135 /* Result.swift in Sources */,
				B168D939247AD1F900465135 /* SearchAnimalsResults.swift in Sources */,
				B168D93C247AD22500465135 /* DispatchToMain.swift in Sources */,
				B168D8F1246CC05C00465135 /* SearchViewController.swift in Sources */,
				B168D93E247B155700465135 /* UIViewController+Extensions.swift in Sources */,
				B168D8F9246CC05C00465135 /* SnatchCat.xcdatamodeld in Sources */,
				B168D9302477975E00465135 /* SearchResultsTableViewController.swift in Sources */,
				B168D8ED246CC05C00465135 /* AppDelegate.swift in Sources */,
				B168D8EF246CC05C00465135 /* SceneDelegate.swift in Sources */,
			);
			runOnlyForDeploymentPostprocessing = 0;
		};
/* End PBXSourcesBuildPhase section */

/* Begin PBXVariantGroup section */
		B168D8F4246CC05C00465135 /* Main.storyboard */ = {
			isa = PBXVariantGroup;
			children = (
				B168D8F5246CC05C00465135 /* Base */,
			);
			name = Main.storyboard;
			sourceTree = "<group>";
		};
		B168D8FC246CC05E00465135 /* LaunchScreen.storyboard */ = {
			isa = PBXVariantGroup;
			children = (
				B168D8FD246CC05E00465135 /* Base */,
			);
			name = LaunchScreen.storyboard;
			sourceTree = "<group>";
		};
/* End PBXVariantGroup section */

/* Begin XCBuildConfiguration section */
		B168D900246CC05E00465135 /* Debug */ = {
			isa = XCBuildConfiguration;
			buildSettings = {
				ALWAYS_SEARCH_USER_PATHS = NO;
				CLANG_ANALYZER_NONNULL = YES;
				CLANG_ANALYZER_NUMBER_OBJECT_CONVERSION = YES_AGGRESSIVE;
				CLANG_CXX_LANGUAGE_STANDARD = "gnu++14";
				CLANG_CXX_LIBRARY = "libc++";
				CLANG_ENABLE_MODULES = YES;
				CLANG_ENABLE_OBJC_ARC = YES;
				CLANG_ENABLE_OBJC_WEAK = YES;
				CLANG_WARN_BLOCK_CAPTURE_AUTORELEASING = YES;
				CLANG_WARN_BOOL_CONVERSION = YES;
				CLANG_WARN_COMMA = YES;
				CLANG_WARN_CONSTANT_CONVERSION = YES;
				CLANG_WARN_DEPRECATED_OBJC_IMPLEMENTATIONS = YES;
				CLANG_WARN_DIRECT_OBJC_ISA_USAGE = YES_ERROR;
				CLANG_WARN_DOCUMENTATION_COMMENTS = YES;
				CLANG_WARN_EMPTY_BODY = YES;
				CLANG_WARN_ENUM_CONVERSION = YES;
				CLANG_WARN_INFINITE_RECURSION = YES;
				CLANG_WARN_INT_CONVERSION = YES;
				CLANG_WARN_NON_LITERAL_NULL_CONVERSION = YES;
				CLANG_WARN_OBJC_IMPLICIT_RETAIN_SELF = YES;
				CLANG_WARN_OBJC_LITERAL_CONVERSION = YES;
				CLANG_WARN_OBJC_ROOT_CLASS = YES_ERROR;
				CLANG_WARN_RANGE_LOOP_ANALYSIS = YES;
				CLANG_WARN_STRICT_PROTOTYPES = YES;
				CLANG_WARN_SUSPICIOUS_MOVE = YES;
				CLANG_WARN_UNGUARDED_AVAILABILITY = YES_AGGRESSIVE;
				CLANG_WARN_UNREACHABLE_CODE = YES;
				CLANG_WARN__DUPLICATE_METHOD_MATCH = YES;
				COPY_PHASE_STRIP = NO;
				DEBUG_INFORMATION_FORMAT = dwarf;
				ENABLE_STRICT_OBJC_MSGSEND = YES;
				ENABLE_TESTABILITY = YES;
				GCC_C_LANGUAGE_STANDARD = gnu11;
				GCC_DYNAMIC_NO_PIC = NO;
				GCC_NO_COMMON_BLOCKS = YES;
				GCC_OPTIMIZATION_LEVEL = 0;
				GCC_PREPROCESSOR_DEFINITIONS = (
					"DEBUG=1",
					"$(inherited)",
				);
				GCC_WARN_64_TO_32_BIT_CONVERSION = YES;
				GCC_WARN_ABOUT_RETURN_TYPE = YES_ERROR;
				GCC_WARN_UNDECLARED_SELECTOR = YES;
				GCC_WARN_UNINITIALIZED_AUTOS = YES_AGGRESSIVE;
				GCC_WARN_UNUSED_FUNCTION = YES;
				GCC_WARN_UNUSED_VARIABLE = YES;
				IPHONEOS_DEPLOYMENT_TARGET = 13.4;
				MTL_ENABLE_DEBUG_INFO = INCLUDE_SOURCE;
				MTL_FAST_MATH = YES;
				ONLY_ACTIVE_ARCH = YES;
				SDKROOT = iphoneos;
				SWIFT_ACTIVE_COMPILATION_CONDITIONS = DEBUG;
				SWIFT_OPTIMIZATION_LEVEL = "-Onone";
			};
			name = Debug;
		};
		B168D901246CC05E00465135 /* Release */ = {
			isa = XCBuildConfiguration;
			buildSettings = {
				ALWAYS_SEARCH_USER_PATHS = NO;
				CLANG_ANALYZER_NONNULL = YES;
				CLANG_ANALYZER_NUMBER_OBJECT_CONVERSION = YES_AGGRESSIVE;
				CLANG_CXX_LANGUAGE_STANDARD = "gnu++14";
				CLANG_CXX_LIBRARY = "libc++";
				CLANG_ENABLE_MODULES = YES;
				CLANG_ENABLE_OBJC_ARC = YES;
				CLANG_ENABLE_OBJC_WEAK = YES;
				CLANG_WARN_BLOCK_CAPTURE_AUTORELEASING = YES;
				CLANG_WARN_BOOL_CONVERSION = YES;
				CLANG_WARN_COMMA = YES;
				CLANG_WARN_CONSTANT_CONVERSION = YES;
				CLANG_WARN_DEPRECATED_OBJC_IMPLEMENTATIONS = YES;
				CLANG_WARN_DIRECT_OBJC_ISA_USAGE = YES_ERROR;
				CLANG_WARN_DOCUMENTATION_COMMENTS = YES;
				CLANG_WARN_EMPTY_BODY = YES;
				CLANG_WARN_ENUM_CONVERSION = YES;
				CLANG_WARN_INFINITE_RECURSION = YES;
				CLANG_WARN_INT_CONVERSION = YES;
				CLANG_WARN_NON_LITERAL_NULL_CONVERSION = YES;
				CLANG_WARN_OBJC_IMPLICIT_RETAIN_SELF = YES;
				CLANG_WARN_OBJC_LITERAL_CONVERSION = YES;
				CLANG_WARN_OBJC_ROOT_CLASS = YES_ERROR;
				CLANG_WARN_RANGE_LOOP_ANALYSIS = YES;
				CLANG_WARN_STRICT_PROTOTYPES = YES;
				CLANG_WARN_SUSPICIOUS_MOVE = YES;
				CLANG_WARN_UNGUARDED_AVAILABILITY = YES_AGGRESSIVE;
				CLANG_WARN_UNREACHABLE_CODE = YES;
				CLANG_WARN__DUPLICATE_METHOD_MATCH = YES;
				COPY_PHASE_STRIP = NO;
				DEBUG_INFORMATION_FORMAT = "dwarf-with-dsym";
				ENABLE_NS_ASSERTIONS = NO;
				ENABLE_STRICT_OBJC_MSGSEND = YES;
				GCC_C_LANGUAGE_STANDARD = gnu11;
				GCC_NO_COMMON_BLOCKS = YES;
				GCC_WARN_64_TO_32_BIT_CONVERSION = YES;
				GCC_WARN_ABOUT_RETURN_TYPE = YES_ERROR;
				GCC_WARN_UNDECLARED_SELECTOR = YES;
				GCC_WARN_UNINITIALIZED_AUTOS = YES_AGGRESSIVE;
				GCC_WARN_UNUSED_FUNCTION = YES;
				GCC_WARN_UNUSED_VARIABLE = YES;
				IPHONEOS_DEPLOYMENT_TARGET = 13.4;
				MTL_ENABLE_DEBUG_INFO = NO;
				MTL_FAST_MATH = YES;
				SDKROOT = iphoneos;
				SWIFT_COMPILATION_MODE = wholemodule;
				SWIFT_OPTIMIZATION_LEVEL = "-O";
				VALIDATE_PRODUCT = YES;
			};
			name = Release;
		};
		B168D903246CC05E00465135 /* Debug */ = {
			isa = XCBuildConfiguration;
			buildSettings = {
				ASSETCATALOG_COMPILER_APPICON_NAME = AppIcon;
				CODE_SIGN_STYLE = Automatic;
				DEVELOPMENT_TEAM = WFS2L9Z9ZQ;
				INFOPLIST_FILE = SnatchCat/Info.plist;
				LD_RUNPATH_SEARCH_PATHS = (
					"$(inherited)",
					"@executable_path/Frameworks",
				);
				PRODUCT_BUNDLE_IDENTIFIER = com.qiliu67.SnatchCat;
				PRODUCT_NAME = "$(TARGET_NAME)";
				SWIFT_VERSION = 5.0;
				TARGETED_DEVICE_FAMILY = "1,2";
			};
			name = Debug;
		};
		B168D904246CC05E00465135 /* Release */ = {
			isa = XCBuildConfiguration;
			buildSettings = {
				ASSETCATALOG_COMPILER_APPICON_NAME = AppIcon;
				CODE_SIGN_STYLE = Automatic;
				DEVELOPMENT_TEAM = WFS2L9Z9ZQ;
				INFOPLIST_FILE = SnatchCat/Info.plist;
				LD_RUNPATH_SEARCH_PATHS = (
					"$(inherited)",
					"@executable_path/Frameworks",
				);
				PRODUCT_BUNDLE_IDENTIFIER = com.qiliu67.SnatchCat;
				PRODUCT_NAME = "$(TARGET_NAME)";
				SWIFT_VERSION = 5.0;
				TARGETED_DEVICE_FAMILY = "1,2";
			};
			name = Release;
		};
/* End XCBuildConfiguration section */

/* Begin XCConfigurationList section */
		B168D8E4246CC05C00465135 /* Build configuration list for PBXProject "SnatchCat" */ = {
			isa = XCConfigurationList;
			buildConfigurations = (
				B168D900246CC05E00465135 /* Debug */,
				B168D901246CC05E00465135 /* Release */,
			);
			defaultConfigurationIsVisible = 0;
			defaultConfigurationName = Release;
		};
		B168D902246CC05E00465135 /* Build configuration list for PBXNativeTarget "SnatchCat" */ = {
			isa = XCConfigurationList;
			buildConfigurations = (
				B168D903246CC05E00465135 /* Debug */,
				B168D904246CC05E00465135 /* Release */,
			);
			defaultConfigurationIsVisible = 0;
			defaultConfigurationName = Release;
		};
/* End XCConfigurationList section */

/* Begin XCVersionGroup section */
		B168D8F7246CC05C00465135 /* SnatchCat.xcdatamodeld */ = {
			isa = XCVersionGroup;
			children = (
				B168D8F8246CC05C00465135 /* SnatchCat.xcdatamodel */,
			);
			currentVersion = B168D8F8246CC05C00465135 /* SnatchCat.xcdatamodel */;
			path = SnatchCat.xcdatamodeld;
			sourceTree = "<group>";
			versionGroupType = wrapper.xcdatamodel;
		};
/* End XCVersionGroup section */
	};
	rootObject = B168D8E1246CC05C00465135 /* Project object */;
}
