// !$*UTF8*$!
{
	archiveVersion = 1;
	classes = {
	};
	objectVersion = 51;
	objects = {

/* Begin PBXBuildFile section */
		44098279A8E232613B49FAB1 /* Pods_SnatchCat.framework in Frameworks */ = {isa = PBXBuildFile; fileRef = 370A32FD95904F47DCE10BA6 /* Pods_SnatchCat.framework */; };
		B14131F124C8D1990047A413 /* AttributesCell.swift in Sources */ = {isa = PBXBuildFile; fileRef = B14131F024C8D1990047A413 /* AttributesCell.swift */; };
		B14131F324C8D2F30047A413 /* DescriptionCell.swift in Sources */ = {isa = PBXBuildFile; fileRef = B14131F224C8D2F30047A413 /* DescriptionCell.swift */; };
		B14131F524C8F9BE0047A413 /* OrganizationInfoCell.swift in Sources */ = {isa = PBXBuildFile; fileRef = B14131F424C8F9BE0047A413 /* OrganizationInfoCell.swift */; };
		B14131FC24D25DC60047A413 /* FavoritesController.swift in Sources */ = {isa = PBXBuildFile; fileRef = B14131FB24D25DC60047A413 /* FavoritesController.swift */; };
		B141320024D3AFBD0047A413 /* BetterSnappingLayout.swift in Sources */ = {isa = PBXBuildFile; fileRef = B14131FF24D3AFBD0047A413 /* BetterSnappingLayout.swift */; };
		B141320224D3AFC80047A413 /* HorizontalSnappingController.swift in Sources */ = {isa = PBXBuildFile; fileRef = B141320124D3AFC70047A413 /* HorizontalSnappingController.swift */; };
		B141320524D3B0030047A413 /* HorizontalHeaderController.swift in Sources */ = {isa = PBXBuildFile; fileRef = B141320424D3B0030047A413 /* HorizontalHeaderController.swift */; };
		B141320A24D920580047A413 /* SearchResultCell.xib in Resources */ = {isa = PBXBuildFile; fileRef = B141320924D920580047A413 /* SearchResultCell.xib */; };
		B168D8ED246CC05C00465135 /* AppDelegate.swift in Sources */ = {isa = PBXBuildFile; fileRef = B168D8EC246CC05C00465135 /* AppDelegate.swift */; };
		B168D8EF246CC05C00465135 /* SceneDelegate.swift in Sources */ = {isa = PBXBuildFile; fileRef = B168D8EE246CC05C00465135 /* SceneDelegate.swift */; };
		B168D8F1246CC05C00465135 /* SearchResultsViewController.swift in Sources */ = {isa = PBXBuildFile; fileRef = B168D8F0246CC05C00465135 /* SearchResultsViewController.swift */; };
		B168D8F6246CC05C00465135 /* Main.storyboard in Resources */ = {isa = PBXBuildFile; fileRef = B168D8F4246CC05C00465135 /* Main.storyboard */; };
		B168D8F9246CC05C00465135 /* SnatchCat.xcdatamodeld in Sources */ = {isa = PBXBuildFile; fileRef = B168D8F7246CC05C00465135 /* SnatchCat.xcdatamodeld */; };
		B168D8FB246CC05E00465135 /* Assets.xcassets in Resources */ = {isa = PBXBuildFile; fileRef = B168D8FA246CC05E00465135 /* Assets.xcassets */; };
		B168D8FE246CC05E00465135 /* LaunchScreen.storyboard in Resources */ = {isa = PBXBuildFile; fileRef = B168D8FC246CC05E00465135 /* LaunchScreen.storyboard */; };
		B168D937247AD1F900465135 /* Result.swift in Sources */ = {isa = PBXBuildFile; fileRef = B168D934247AD1F900465135 /* Result.swift */; };
		B168D938247AD1F900465135 /* PetfinderAPI.swift in Sources */ = {isa = PBXBuildFile; fileRef = B168D935247AD1F900465135 /* PetfinderAPI.swift */; };
		B168D939247AD1F900465135 /* SearchAnimalsResults.swift in Sources */ = {isa = PBXBuildFile; fileRef = B168D936247AD1F900465135 /* SearchAnimalsResults.swift */; };
		B168D93C247AD22500465135 /* DispatchToMain.swift in Sources */ = {isa = PBXBuildFile; fileRef = B168D93B247AD22500465135 /* DispatchToMain.swift */; };
		B168D93E247B155700465135 /* UIViewController+Extensions.swift in Sources */ = {isa = PBXBuildFile; fileRef = B168D93D247B155700465135 /* UIViewController+Extensions.swift */; };
		B168D940247C186900465135 /* dataModel.swift in Sources */ = {isa = PBXBuildFile; fileRef = B168D93F247C186900465135 /* dataModel.swift */; };
		B184D6E0247ECBD4007972E8 /* SearchResultCell.swift in Sources */ = {isa = PBXBuildFile; fileRef = B184D6DF247ECBD4007972E8 /* SearchResultCell.swift */; };
		B184F605248887D900AD2A43 /* Auth.swift in Sources */ = {isa = PBXBuildFile; fileRef = B184F604248887D900AD2A43 /* Auth.swift */; };
		B1A183AE24862831006BE4CA /* SearchSuggestionsController.swift in Sources */ = {isa = PBXBuildFile; fileRef = B1A183AD24862831006BE4CA /* SearchSuggestionsController.swift */; };
		B1E6217A24C89D6000550B63 /* ImageHeaderCell.swift in Sources */ = {isa = PBXBuildFile; fileRef = B1E6217924C89D6000550B63 /* ImageHeaderCell.swift */; };
		B1E6217E24C89EB300550B63 /* UIView+Layout.swift in Sources */ = {isa = PBXBuildFile; fileRef = B1E6217D24C89EB300550B63 /* UIView+Layout.swift */; };
		B1E6218024C89F0400550B63 /* CatDetailController.swift in Sources */ = {isa = PBXBuildFile; fileRef = B1E6217F24C89F0400550B63 /* CatDetailController.swift */; };
		B1E6218224C89F2B00550B63 /* BaseListController.swift in Sources */ = {isa = PBXBuildFile; fileRef = B1E6218124C89F2B00550B63 /* BaseListController.swift */; };
		B1E6218624C8C79B00550B63 /* NameCell.swift in Sources */ = {isa = PBXBuildFile; fileRef = B1E6218524C8C79B00550B63 /* NameCell.swift */; };
		B1E6218824C8C7C400550B63 /* Extensions.swift in Sources */ = {isa = PBXBuildFile; fileRef = B1E6218724C8C7C400550B63 /* Extensions.swift */; };
		B1E6218B24C8C9F900550B63 /* VerticalStackView.swift in Sources */ = {isa = PBXBuildFile; fileRef = B1E6218A24C8C9F900550B63 /* VerticalStackView.swift */; };
/* End PBXBuildFile section */

/* Begin PBXFileReference section */
		1ADA4B8970FCB956F764E228 /* Pods-SnatchCat.debug.xcconfig */ = {isa = PBXFileReference; includeInIndex = 1; lastKnownFileType = text.xcconfig; name = "Pods-SnatchCat.debug.xcconfig"; path = "Target Support Files/Pods-SnatchCat/Pods-SnatchCat.debug.xcconfig"; sourceTree = "<group>"; };
		370A32FD95904F47DCE10BA6 /* Pods_SnatchCat.framework */ = {isa = PBXFileReference; explicitFileType = wrapper.framework; includeInIndex = 0; path = Pods_SnatchCat.framework; sourceTree = BUILT_PRODUCTS_DIR; };
		908685E50E5CA930539F194C /* Pods-SnatchCat.release.xcconfig */ = {isa = PBXFileReference; includeInIndex = 1; lastKnownFileType = text.xcconfig; name = "Pods-SnatchCat.release.xcconfig"; path = "Target Support Files/Pods-SnatchCat/Pods-SnatchCat.release.xcconfig"; sourceTree = "<group>"; };
		B14131F024C8D1990047A413 /* AttributesCell.swift */ = {isa = PBXFileReference; lastKnownFileType = sourcecode.swift; path = AttributesCell.swift; sourceTree = "<group>"; };
		B14131F224C8D2F30047A413 /* DescriptionCell.swift */ = {isa = PBXFileReference; lastKnownFileType = sourcecode.swift; path = DescriptionCell.swift; sourceTree = "<group>"; };
		B14131F424C8F9BE0047A413 /* OrganizationInfoCell.swift */ = {isa = PBXFileReference; lastKnownFileType = sourcecode.swift; path = OrganizationInfoCell.swift; sourceTree = "<group>"; };
		B14131FB24D25DC60047A413 /* FavoritesController.swift */ = {isa = PBXFileReference; lastKnownFileType = sourcecode.swift; path = FavoritesController.swift; sourceTree = "<group>"; };
		B14131FF24D3AFBD0047A413 /* BetterSnappingLayout.swift */ = {isa = PBXFileReference; fileEncoding = 4; lastKnownFileType = sourcecode.swift; path = BetterSnappingLayout.swift; sourceTree = "<group>"; };
		B141320124D3AFC70047A413 /* HorizontalSnappingController.swift */ = {isa = PBXFileReference; fileEncoding = 4; lastKnownFileType = sourcecode.swift; path = HorizontalSnappingController.swift; sourceTree = "<group>"; };
		B141320424D3B0030047A413 /* HorizontalHeaderController.swift */ = {isa = PBXFileReference; lastKnownFileType = sourcecode.swift; path = HorizontalHeaderController.swift; sourceTree = "<group>"; };
		B141320924D920580047A413 /* SearchResultCell.xib */ = {isa = PBXFileReference; lastKnownFileType = file.xib; path = SearchResultCell.xib; sourceTree = "<group>"; };
		B168D8E9246CC05C00465135 /* SnatchCat.app */ = {isa = PBXFileReference; explicitFileType = wrapper.application; includeInIndex = 0; path = SnatchCat.app; sourceTree = BUILT_PRODUCTS_DIR; };
		B168D8EC246CC05C00465135 /* AppDelegate.swift */ = {isa = PBXFileReference; lastKnownFileType = sourcecode.swift; path = AppDelegate.swift; sourceTree = "<group>"; };
		B168D8EE246CC05C00465135 /* SceneDelegate.swift */ = {isa = PBXFileReference; lastKnownFileType = sourcecode.swift; path = SceneDelegate.swift; sourceTree = "<group>"; };
		B168D8F0246CC05C00465135 /* SearchResultsViewController.swift */ = {isa = PBXFileReference; lastKnownFileType = sourcecode.swift; path = SearchResultsViewController.swift; sourceTree = "<group>"; };
		B168D8F5246CC05C00465135 /* Base */ = {isa = PBXFileReference; lastKnownFileType = file.storyboard; name = Base; path = Base.lproj/Main.storyboard; sourceTree = "<group>"; };
		B168D8F8246CC05C00465135 /* SnatchCat.xcdatamodel */ = {isa = PBXFileReference; lastKnownFileType = wrapper.xcdatamodel; path = SnatchCat.xcdatamodel; sourceTree = "<group>"; };
		B168D8FA246CC05E00465135 /* Assets.xcassets */ = {isa = PBXFileReference; lastKnownFileType = folder.assetcatalog; path = Assets.xcassets; sourceTree = "<group>"; };
		B168D8FD246CC05E00465135 /* Base */ = {isa = PBXFileReference; lastKnownFileType = file.storyboard; name = Base; path = Base.lproj/LaunchScreen.storyboard; sourceTree = "<group>"; };
		B168D8FF246CC05E00465135 /* Info.plist */ = {isa = PBXFileReference; lastKnownFileType = text.plist.xml; path = Info.plist; sourceTree = "<group>"; };
		B168D934247AD1F900465135 /* Result.swift */ = {isa = PBXFileReference; fileEncoding = 4; lastKnownFileType = sourcecode.swift; path = Result.swift; sourceTree = "<group>"; };
		B168D935247AD1F900465135 /* PetfinderAPI.swift */ = {isa = PBXFileReference; fileEncoding = 4; lastKnownFileType = sourcecode.swift; path = PetfinderAPI.swift; sourceTree = "<group>"; };
		B168D936247AD1F900465135 /* SearchAnimalsResults.swift */ = {isa = PBXFileReference; fileEncoding = 4; lastKnownFileType = sourcecode.swift; path = SearchAnimalsResults.swift; sourceTree = "<group>"; };
		B168D93B247AD22500465135 /* DispatchToMain.swift */ = {isa = PBXFileReference; lastKnownFileType = sourcecode.swift; path = DispatchToMain.swift; sourceTree = "<group>"; };
		B168D93D247B155700465135 /* UIViewController+Extensions.swift */ = {isa = PBXFileReference; lastKnownFileType = sourcecode.swift; path = "UIViewController+Extensions.swift"; sourceTree = "<group>"; };
		B168D93F247C186900465135 /* dataModel.swift */ = {isa = PBXFileReference; lastKnownFileType = sourcecode.swift; path = dataModel.swift; sourceTree = "<group>"; };
		B184D6DF247ECBD4007972E8 /* SearchResultCell.swift */ = {isa = PBXFileReference; lastKnownFileType = sourcecode.swift; path = SearchResultCell.swift; sourceTree = "<group>"; };
		B184F604248887D900AD2A43 /* Auth.swift */ = {isa = PBXFileReference; lastKnownFileType = sourcecode.swift; path = Auth.swift; sourceTree = "<group>"; };
		B1A183AD24862831006BE4CA /* SearchSuggestionsController.swift */ = {isa = PBXFileReference; lastKnownFileType = sourcecode.swift; path = SearchSuggestionsController.swift; sourceTree = "<group>"; };
		B1E6217924C89D6000550B63 /* ImageHeaderCell.swift */ = {isa = PBXFileReference; lastKnownFileType = sourcecode.swift; path = ImageHeaderCell.swift; sourceTree = "<group>"; };
		B1E6217D24C89EB300550B63 /* UIView+Layout.swift */ = {isa = PBXFileReference; fileEncoding = 4; lastKnownFileType = sourcecode.swift; path = "UIView+Layout.swift"; sourceTree = "<group>"; };
		B1E6217F24C89F0400550B63 /* CatDetailController.swift */ = {isa = PBXFileReference; lastKnownFileType = sourcecode.swift; path = CatDetailController.swift; sourceTree = "<group>"; };
		B1E6218124C89F2B00550B63 /* BaseListController.swift */ = {isa = PBXFileReference; lastKnownFileType = sourcecode.swift; path = BaseListController.swift; sourceTree = "<group>"; };
		B1E6218524C8C79B00550B63 /* NameCell.swift */ = {isa = PBXFileReference; lastKnownFileType = sourcecode.swift; path = NameCell.swift; sourceTree = "<group>"; };
		B1E6218724C8C7C400550B63 /* Extensions.swift */ = {isa = PBXFileReference; lastKnownFileType = sourcecode.swift; path = Extensions.swift; sourceTree = "<group>"; };
		B1E6218A24C8C9F900550B63 /* VerticalStackView.swift */ = {isa = PBXFileReference; lastKnownFileType = sourcecode.swift; path = VerticalStackView.swift; sourceTree = "<group>"; };
/* End PBXFileReference section */

/* Begin PBXFrameworksBuildPhase section */
		B168D8E6246CC05C00465135 /* Frameworks */ = {
			isa = PBXFrameworksBuildPhase;
			buildActionMask = 2147483647;
			files = (
				44098279A8E232613B49FAB1 /* Pods_SnatchCat.framework in Frameworks */,
			);
			runOnlyForDeploymentPostprocessing = 0;
		};
/* End PBXFrameworksBuildPhase section */

/* Begin PBXGroup section */
		00CA43506A3813FB205E1440 /* Pods */ = {
			isa = PBXGroup;
			children = (
				1ADA4B8970FCB956F764E228 /* Pods-SnatchCat.debug.xcconfig */,
				908685E50E5CA930539F194C /* Pods-SnatchCat.release.xcconfig */,
			);
			path = Pods;
			sourceTree = "<group>";
		};
		12FC94AFFA781E78A4A338CB /* Frameworks */ = {
			isa = PBXGroup;
			children = (
				370A32FD95904F47DCE10BA6 /* Pods_SnatchCat.framework */,
			);
			name = Frameworks;
			sourceTree = "<group>";
		};
		B14131FA24D25DB80047A413 /* Search */ = {
			isa = PBXGroup;
			children = (
				B168D8F0246CC05C00465135 /* SearchResultsViewController.swift */,
				B1A183AD24862831006BE4CA /* SearchSuggestionsController.swift */,
			);
			path = Search;
			sourceTree = "<group>";
		};
		B141320324D3AFF00047A413 /* Favorites */ = {
			isa = PBXGroup;
			children = (
				B14131FB24D25DC60047A413 /* FavoritesController.swift */,
			);
			path = Favorites;
			sourceTree = "<group>";
		};
		B141320624D3B1190047A413 /* Detail */ = {
			isa = PBXGroup;
			children = (
				B141320424D3B0030047A413 /* HorizontalHeaderController.swift */,
				B1E6217F24C89F0400550B63 /* CatDetailController.swift */,
			);
			path = Detail;
			sourceTree = "<group>";
		};
		B168D8E0246CC05C00465135 = {
			isa = PBXGroup;
			children = (
				B168D8EB246CC05C00465135 /* SnatchCat */,
				B168D8EA246CC05C00465135 /* Products */,
				00CA43506A3813FB205E1440 /* Pods */,
				12FC94AFFA781E78A4A338CB /* Frameworks */,
			);
			sourceTree = "<group>";
		};
		B168D8EA246CC05C00465135 /* Products */ = {
			isa = PBXGroup;
			children = (
				B168D8E9246CC05C00465135 /* SnatchCat.app */,
			);
			name = Products;
			sourceTree = "<group>";
		};
		B168D8EB246CC05C00465135 /* SnatchCat */ = {
			isa = PBXGroup;
			children = (
				B1E6217724C791E600550B63 /* Service */,
				B184D6E1247EE4F4007972E8 /* Views */,
				B168D93A247AD21500465135 /* Helpers */,
				B168D8EC246CC05C00465135 /* AppDelegate.swift */,
				B168D8EE246CC05C00465135 /* SceneDelegate.swift */,
				B14131FF24D3AFBD0047A413 /* BetterSnappingLayout.swift */,
				B168D931247AD0F600465135 /* View Controllers */,
				B168D932247AD12500465135 /* Storyboards */,
				B168D8FA246CC05E00465135 /* Assets.xcassets */,
				B168D8FF246CC05E00465135 /* Info.plist */,
				B168D933247AD13300465135 /* Models */,
			);
			path = SnatchCat;
			sourceTree = "<group>";
		};
		B168D931247AD0F600465135 /* View Controllers */ = {
			isa = PBXGroup;
			children = (
				B141320624D3B1190047A413 /* Detail */,
				B141320324D3AFF00047A413 /* Favorites */,
				B141320124D3AFC70047A413 /* HorizontalSnappingController.swift */,
				B14131FA24D25DB80047A413 /* Search */,
				B168D93D247B155700465135 /* UIViewController+Extensions.swift */,
				B1E6218124C89F2B00550B63 /* BaseListController.swift */,
			);
			path = "View Controllers";
			sourceTree = "<group>";
		};
		B168D932247AD12500465135 /* Storyboards */ = {
			isa = PBXGroup;
			children = (
				B168D8F4246CC05C00465135 /* Main.storyboard */,
				B168D8FC246CC05E00465135 /* LaunchScreen.storyboard */,
			);
			path = Storyboards;
			sourceTree = "<group>";
		};
		B168D933247AD13300465135 /* Models */ = {
			isa = PBXGroup;
			children = (
				B168D936247AD1F900465135 /* SearchAnimalsResults.swift */,
				B168D934247AD1F900465135 /* Result.swift */,
				B168D8F7246CC05C00465135 /* SnatchCat.xcdatamodeld */,
				B168D93F247C186900465135 /* dataModel.swift */,
				B184F604248887D900AD2A43 /* Auth.swift */,
			);
			path = Models;
			sourceTree = "<group>";
		};
		B168D93A247AD21500465135 /* Helpers */ = {
			isa = PBXGroup;
			children = (
				B1E6217D24C89EB300550B63 /* UIView+Layout.swift */,
				B168D93B247AD22500465135 /* DispatchToMain.swift */,
				B1E6218724C8C7C400550B63 /* Extensions.swift */,
				B1E6218A24C8C9F900550B63 /* VerticalStackView.swift */,
			);
			path = Helpers;
			sourceTree = "<group>";
		};
		B184D6E1247EE4F4007972E8 /* Views */ = {
			isa = PBXGroup;
			children = (
				B1E6218924C8C89D00550B63 /* Search */,
				B1E6217824C89D3A00550B63 /* Details */,
			);
			path = Views;
			sourceTree = "<group>";
		};
		B1E6217724C791E600550B63 /* Service */ = {
			isa = PBXGroup;
			children = (
				B168D935247AD1F900465135 /* PetfinderAPI.swift */,
			);
			path = Service;
			sourceTree = "<group>";
		};
		B1E6217824C89D3A00550B63 /* Details */ = {
			isa = PBXGroup;
			children = (
				B1E6217924C89D6000550B63 /* ImageHeaderCell.swift */,
				B1E6218524C8C79B00550B63 /* NameCell.swift */,
				B14131F024C8D1990047A413 /* AttributesCell.swift */,
				B14131F224C8D2F30047A413 /* DescriptionCell.swift */,
				B14131F424C8F9BE0047A413 /* OrganizationInfoCell.swift */,
			);
			path = Details;
			sourceTree = "<group>";
		};
		B1E6218924C8C89D00550B63 /* Search */ = {
			isa = PBXGroup;
			children = (
				B184D6DF247ECBD4007972E8 /* SearchResultCell.swift */,
				B141320924D920580047A413 /* SearchResultCell.xib */,
			);
			path = Search;
			sourceTree = "<group>";
		};
/* End PBXGroup section */

/* Begin PBXNativeTarget section */
		B168D8E8246CC05C00465135 /* SnatchCat */ = {
			isa = PBXNativeTarget;
			buildConfigurationList = B168D902246CC05E00465135 /* Build configuration list for PBXNativeTarget "SnatchCat" */;
			buildPhases = (
				42F4DFBE488E9E467A60321E /* [CP] Check Pods Manifest.lock */,
				B168D8E5246CC05C00465135 /* Sources */,
				B168D8E6246CC05C00465135 /* Frameworks */,
				B168D8E7246CC05C00465135 /* Resources */,
				1DB092E7745DDD3C4B998413 /* [CP] Embed Pods Frameworks */,
			);
			buildRules = (
			);
			dependencies = (
			);
			name = SnatchCat;
			productName = SnatchCat;
			productReference = B168D8E9246CC05C00465135 /* SnatchCat.app */;
			productType = "com.apple.product-type.application";
		};
/* End PBXNativeTarget section */

/* Begin PBXProject section */
		B168D8E1246CC05C00465135 /* Project object */ = {
			isa = PBXProject;
			attributes = {
				LastSwiftUpdateCheck = 1140;
				LastUpgradeCheck = 1140;
				ORGANIZATIONNAME = qi;
				TargetAttributes = {
					B168D8E8246CC05C00465135 = {
						CreatedOnToolsVersion = 11.4.1;
					};
				};
			};
			buildConfigurationList = B168D8E4246CC05C00465135 /* Build configuration list for PBXProject "SnatchCat" */;
			compatibilityVersion = "Xcode 9.3";
			developmentRegion = en;
			hasScannedForEncodings = 0;
			knownRegions = (
				en,
				Base,
			);
			mainGroup = B168D8E0246CC05C00465135;
			productRefGroup = B168D8EA246CC05C00465135 /* Products */;
			projectDirPath = "";
			projectRoot = "";
			targets = (
				B168D8E8246CC05C00465135 /* SnatchCat */,
			);
		};
/* End PBXProject section */

/* Begin PBXResourcesBuildPhase section */
		B168D8E7246CC05C00465135 /* Resources */ = {
			isa = PBXResourcesBuildPhase;
			buildActionMask = 2147483647;
			files = (
				B168D8FE246CC05E00465135 /* LaunchScreen.storyboard in Resources */,
				B168D8FB246CC05E00465135 /* Assets.xcassets in Resources */,
				B141320A24D920580047A413 /* SearchResultCell.xib in Resources */,
				B168D8F6246CC05C00465135 /* Main.storyboard in Resources */,
			);
			runOnlyForDeploymentPostprocessing = 0;
		};
/* End PBXResourcesBuildPhase section */

/* Begin PBXShellScriptBuildPhase section */
		1DB092E7745DDD3C4B998413 /* [CP] Embed Pods Frameworks */ = {
			isa = PBXShellScriptBuildPhase;
			buildActionMask = 2147483647;
			files = (
			);
			inputFileListPaths = (
				"${PODS_ROOT}/Target Support Files/Pods-SnatchCat/Pods-SnatchCat-frameworks-${CONFIGURATION}-input-files.xcfilelist",
			);
			name = "[CP] Embed Pods Frameworks";
			outputFileListPaths = (
				"${PODS_ROOT}/Target Support Files/Pods-SnatchCat/Pods-SnatchCat-frameworks-${CONFIGURATION}-output-files.xcfilelist",
			);
			runOnlyForDeploymentPostprocessing = 0;
			shellPath = /bin/sh;
			shellScript = "\"${PODS_ROOT}/Target Support Files/Pods-SnatchCat/Pods-SnatchCat-frameworks.sh\"\n";
			showEnvVarsInLog = 0;
		};
		42F4DFBE488E9E467A60321E /* [CP] Check Pods Manifest.lock */ = {
			isa = PBXShellScriptBuildPhase;
			buildActionMask = 2147483647;
			files = (
			);
			inputFileListPaths = (
			);
			inputPaths = (
				"${PODS_PODFILE_DIR_PATH}/Podfile.lock",
				"${PODS_ROOT}/Manifest.lock",
			);
			name = "[CP] Check Pods Manifest.lock";
			outputFileListPaths = (
			);
			outputPaths = (
				"$(DERIVED_FILE_DIR)/Pods-SnatchCat-checkManifestLockResult.txt",
			);
			runOnlyForDeploymentPostprocessing = 0;
			shellPath = /bin/sh;
			shellScript = "diff \"${PODS_PODFILE_DIR_PATH}/Podfile.lock\" \"${PODS_ROOT}/Manifest.lock\" > /dev/null\nif [ $? != 0 ] ; then\n    # print error to STDERR\n    echo \"error: The sandbox is not in sync with the Podfile.lock. Run 'pod install' or update your CocoaPods installation.\" >&2\n    exit 1\nfi\n# This output is used by Xcode 'outputs' to avoid re-running this script phase.\necho \"SUCCESS\" > \"${SCRIPT_OUTPUT_FILE_0}\"\n";
			showEnvVarsInLog = 0;
		};
/* End PBXShellScriptBuildPhase section */

/* Begin PBXSourcesBuildPhase section */
		B168D8E5246CC05C00465135 /* Sources */ = {
			isa = PBXSourcesBuildPhase;
			buildActionMask = 2147483647;
			files = (
				B1E6218624C8C79B00550B63 /* NameCell.swift in Sources */,
				B1E6217E24C89EB300550B63 /* UIView+Layout.swift in Sources */,
				B184F605248887D900AD2A43 /* Auth.swift in Sources */,
				B168D938247AD1F900465135 /* PetfinderAPI.swift in Sources */,
				B168D937247AD1F900465135 /* Result.swift in Sources */,
				B1E6218024C89F0400550B63 /* CatDetailController.swift in Sources */,
				B141320524D3B0030047A413 /* HorizontalHeaderController.swift in Sources */,
				B168D939247AD1F900465135 /* SearchAnimalsResults.swift in Sources */,
				B141320224D3AFC80047A413 /* HorizontalSnappingController.swift in Sources */,
				B1E6218824C8C7C400550B63 /* Extensions.swift in Sources */,
				B168D93C247AD22500465135 /* DispatchToMain.swift in Sources */,
				B14131FC24D25DC60047A413 /* FavoritesController.swift in Sources */,
				B1E6218B24C8C9F900550B63 /* VerticalStackView.swift in Sources */,
				B14131F124C8D1990047A413 /* AttributesCell.swift in Sources */,
				B141320024D3AFBD0047A413 /* BetterSnappingLayout.swift in Sources */,
				B168D8F1246CC05C00465135 /* SearchResultsViewController.swift in Sources */,
				B14131F524C8F9BE0047A413 /* OrganizationInfoCell.swift in Sources */,
				B168D940247C186900465135 /* dataModel.swift in Sources */,
				B168D93E247B155700465135 /* UIViewController+Extensions.swift in Sources */,
				B168D8F9246CC05C00465135 /* SnatchCat.xcdatamodeld in Sources */,
				B1E6217A24C89D6000550B63 /* ImageHeaderCell.swift in Sources */,
				B1E6218224C89F2B00550B63 /* BaseListController.swift in Sources */,
				B168D8ED246CC05C00465135 /* AppDelegate.swift in Sources */,
				B1A183AE24862831006BE4CA /* SearchSuggestionsController.swift in Sources */,
				B168D8EF246CC05C00465135 /* SceneDelegate.swift in Sources */,
				B14131F324C8D2F30047A413 /* DescriptionCell.swift in Sources */,
				B184D6E0247ECBD4007972E8 /* SearchResultCell.swift in Sources */,
			);
			runOnlyForDeploymentPostprocessing = 0;
		};
/* End PBXSourcesBuildPhase section */

/* Begin PBXVariantGroup section */
		B168D8F4246CC05C00465135 /* Main.storyboard */ = {
			isa = PBXVariantGroup;
			children = (
				B168D8F5246CC05C00465135 /* Base */,
			);
			name = Main.storyboard;
			sourceTree = "<group>";
		};
		B168D8FC246CC05E00465135 /* LaunchScreen.storyboard */ = {
			isa = PBXVariantGroup;
			children = (
				B168D8FD246CC05E00465135 /* Base */,
			);
			name = LaunchScreen.storyboard;
			sourceTree = "<group>";
		};
/* End PBXVariantGroup section */

/* Begin XCBuildConfiguration section */
		B168D900246CC05E00465135 /* Debug */ = {
			isa = XCBuildConfiguration;
			buildSettings = {
				ALWAYS_SEARCH_USER_PATHS = NO;
				CLANG_ANALYZER_NONNULL = YES;
				CLANG_ANALYZER_NUMBER_OBJECT_CONVERSION = YES_AGGRESSIVE;
				CLANG_CXX_LANGUAGE_STANDARD = "gnu++14";
				CLANG_CXX_LIBRARY = "libc++";
				CLANG_ENABLE_MODULES = YES;
				CLANG_ENABLE_OBJC_ARC = YES;
				CLANG_ENABLE_OBJC_WEAK = YES;
				CLANG_WARN_BLOCK_CAPTURE_AUTORELEASING = YES;
				CLANG_WARN_BOOL_CONVERSION = YES;
				CLANG_WARN_COMMA = YES;
				CLANG_WARN_CONSTANT_CONVERSION = YES;
				CLANG_WARN_DEPRECATED_OBJC_IMPLEMENTATIONS = YES;
				CLANG_WARN_DIRECT_OBJC_ISA_USAGE = YES_ERROR;
				CLANG_WARN_DOCUMENTATION_COMMENTS = YES;
				CLANG_WARN_EMPTY_BODY = YES;
				CLANG_WARN_ENUM_CONVERSION = YES;
				CLANG_WARN_INFINITE_RECURSION = YES;
				CLANG_WARN_INT_CONVERSION = YES;
				CLANG_WARN_NON_LITERAL_NULL_CONVERSION = YES;
				CLANG_WARN_OBJC_IMPLICIT_RETAIN_SELF = YES;
				CLANG_WARN_OBJC_LITERAL_CONVERSION = YES;
				CLANG_WARN_OBJC_ROOT_CLASS = YES_ERROR;
				CLANG_WARN_RANGE_LOOP_ANALYSIS = YES;
				CLANG_WARN_STRICT_PROTOTYPES = YES;
				CLANG_WARN_SUSPICIOUS_MOVE = YES;
				CLANG_WARN_UNGUARDED_AVAILABILITY = YES_AGGRESSIVE;
				CLANG_WARN_UNREACHABLE_CODE = YES;
				CLANG_WARN__DUPLICATE_METHOD_MATCH = YES;
				COPY_PHASE_STRIP = NO;
				DEBUG_INFORMATION_FORMAT = dwarf;
				ENABLE_STRICT_OBJC_MSGSEND = YES;
				ENABLE_TESTABILITY = YES;
				GCC_C_LANGUAGE_STANDARD = gnu11;
				GCC_DYNAMIC_NO_PIC = NO;
				GCC_NO_COMMON_BLOCKS = YES;
				GCC_OPTIMIZATION_LEVEL = 0;
				GCC_PREPROCESSOR_DEFINITIONS = (
					"DEBUG=1",
					"$(inherited)",
				);
				GCC_WARN_64_TO_32_BIT_CONVERSION = YES;
				GCC_WARN_ABOUT_RETURN_TYPE = YES_ERROR;
				GCC_WARN_UNDECLARED_SELECTOR = YES;
				GCC_WARN_UNINITIALIZED_AUTOS = YES_AGGRESSIVE;
				GCC_WARN_UNUSED_FUNCTION = YES;
				GCC_WARN_UNUSED_VARIABLE = YES;
				IPHONEOS_DEPLOYMENT_TARGET = 13.4;
				MTL_ENABLE_DEBUG_INFO = INCLUDE_SOURCE;
				MTL_FAST_MATH = YES;
				ONLY_ACTIVE_ARCH = YES;
				SDKROOT = iphoneos;
				SWIFT_ACTIVE_COMPILATION_CONDITIONS = DEBUG;
				SWIFT_OPTIMIZATION_LEVEL = "-Onone";
			};
			name = Debug;
		};
		B168D901246CC05E00465135 /* Release */ = {
			isa = XCBuildConfiguration;
			buildSettings = {
				ALWAYS_SEARCH_USER_PATHS = NO;
				CLANG_ANALYZER_NONNULL = YES;
				CLANG_ANALYZER_NUMBER_OBJECT_CONVERSION = YES_AGGRESSIVE;
				CLANG_CXX_LANGUAGE_STANDARD = "gnu++14";
				CLANG_CXX_LIBRARY = "libc++";
				CLANG_ENABLE_MODULES = YES;
				CLANG_ENABLE_OBJC_ARC = YES;
				CLANG_ENABLE_OBJC_WEAK = YES;
				CLANG_WARN_BLOCK_CAPTURE_AUTORELEASING = YES;
				CLANG_WARN_BOOL_CONVERSION = YES;
				CLANG_WARN_COMMA = YES;
				CLANG_WARN_CONSTANT_CONVERSION = YES;
				CLANG_WARN_DEPRECATED_OBJC_IMPLEMENTATIONS = YES;
				CLANG_WARN_DIRECT_OBJC_ISA_USAGE = YES_ERROR;
				CLANG_WARN_DOCUMENTATION_COMMENTS = YES;
				CLANG_WARN_EMPTY_BODY = YES;
				CLANG_WARN_ENUM_CONVERSION = YES;
				CLANG_WARN_INFINITE_RECURSION = YES;
				CLANG_WARN_INT_CONVERSION = YES;
				CLANG_WARN_NON_LITERAL_NULL_CONVERSION = YES;
				CLANG_WARN_OBJC_IMPLICIT_RETAIN_SELF = YES;
				CLANG_WARN_OBJC_LITERAL_CONVERSION = YES;
				CLANG_WARN_OBJC_ROOT_CLASS = YES_ERROR;
				CLANG_WARN_RANGE_LOOP_ANALYSIS = YES;
				CLANG_WARN_STRICT_PROTOTYPES = YES;
				CLANG_WARN_SUSPICIOUS_MOVE = YES;
				CLANG_WARN_UNGUARDED_AVAILABILITY = YES_AGGRESSIVE;
				CLANG_WARN_UNREACHABLE_CODE = YES;
				CLANG_WARN__DUPLICATE_METHOD_MATCH = YES;
				COPY_PHASE_STRIP = NO;
				DEBUG_INFORMATION_FORMAT = "dwarf-with-dsym";
				ENABLE_NS_ASSERTIONS = NO;
				ENABLE_STRICT_OBJC_MSGSEND = YES;
				GCC_C_LANGUAGE_STANDARD = gnu11;
				GCC_NO_COMMON_BLOCKS = YES;
				GCC_WARN_64_TO_32_BIT_CONVERSION = YES;
				GCC_WARN_ABOUT_RETURN_TYPE = YES_ERROR;
				GCC_WARN_UNDECLARED_SELECTOR = YES;
				GCC_WARN_UNINITIALIZED_AUTOS = YES_AGGRESSIVE;
				GCC_WARN_UNUSED_FUNCTION = YES;
				GCC_WARN_UNUSED_VARIABLE = YES;
				IPHONEOS_DEPLOYMENT_TARGET = 13.4;
				MTL_ENABLE_DEBUG_INFO = NO;
				MTL_FAST_MATH = YES;
				SDKROOT = iphoneos;
				SWIFT_COMPILATION_MODE = wholemodule;
				SWIFT_OPTIMIZATION_LEVEL = "-O";
				VALIDATE_PRODUCT = YES;
			};
			name = Release;
		};
		B168D903246CC05E00465135 /* Debug */ = {
			isa = XCBuildConfiguration;
			baseConfigurationReference = 1ADA4B8970FCB956F764E228 /* Pods-SnatchCat.debug.xcconfig */;
			buildSettings = {
				ASSETCATALOG_COMPILER_APPICON_NAME = AppIcon;
				CODE_SIGN_STYLE = Automatic;
				DEVELOPMENT_TEAM = WFS2L9Z9ZQ;
				INFOPLIST_FILE = SnatchCat/Info.plist;
				LD_RUNPATH_SEARCH_PATHS = (
					"$(inherited)",
					"@executable_path/Frameworks",
				);
				PRODUCT_BUNDLE_IDENTIFIER = com.qiliu67.SnatchCat;
				PRODUCT_NAME = "$(TARGET_NAME)";
				SWIFT_VERSION = 5.0;
				TARGETED_DEVICE_FAMILY = 1;
			};
			name = Debug;
		};
		B168D904246CC05E00465135 /* Release */ = {
			isa = XCBuildConfiguration;
			baseConfigurationReference = 908685E50E5CA930539F194C /* Pods-SnatchCat.release.xcconfig */;
			buildSettings = {
				ASSETCATALOG_COMPILER_APPICON_NAME = AppIcon;
				CODE_SIGN_STYLE = Automatic;
				DEVELOPMENT_TEAM = WFS2L9Z9ZQ;
				INFOPLIST_FILE = SnatchCat/Info.plist;
				LD_RUNPATH_SEARCH_PATHS = (
					"$(inherited)",
					"@executable_path/Frameworks",
				);
				PRODUCT_BUNDLE_IDENTIFIER = com.qiliu67.SnatchCat;
				PRODUCT_NAME = "$(TARGET_NAME)";
				SWIFT_VERSION = 5.0;
				TARGETED_DEVICE_FAMILY = 1;
			};
			name = Release;
		};
/* End XCBuildConfiguration section */

/* Begin XCConfigurationList section */
		B168D8E4246CC05C00465135 /* Build configuration list for PBXProject "SnatchCat" */ = {
			isa = XCConfigurationList;
			buildConfigurations = (
				B168D900246CC05E00465135 /* Debug */,
				B168D901246CC05E00465135 /* Release */,
			);
			defaultConfigurationIsVisible = 0;
			defaultConfigurationName = Release;
		};
		B168D902246CC05E00465135 /* Build configuration list for PBXNativeTarget "SnatchCat" */ = {
			isa = XCConfigurationList;
			buildConfigurations = (
				B168D903246CC05E00465135 /* Debug */,
				B168D904246CC05E00465135 /* Release */,
			);
			defaultConfigurationIsVisible = 0;
			defaultConfigurationName = Release;
		};
/* End XCConfigurationList section */

/* Begin XCVersionGroup section */
		B168D8F7246CC05C00465135 /* SnatchCat.xcdatamodeld */ = {
			isa = XCVersionGroup;
			children = (
				B168D8F8246CC05C00465135 /* SnatchCat.xcdatamodel */,
			);
			currentVersion = B168D8F8246CC05C00465135 /* SnatchCat.xcdatamodel */;
			path = SnatchCat.xcdatamodeld;
			sourceTree = "<group>";
			versionGroupType = wrapper.xcdatamodel;
		};
/* End XCVersionGroup section */
	};
	rootObject = B168D8E1246CC05C00465135 /* Project object */;
}
